
Microsoft Visual Studio Solution File, Format Version 12.00
# Visual Studio Version 17
VisualStudioVersion = 17.5.33530.505
MinimumVisualStudioVersion = 10.0.40219.1
Project("{9A19103F-16F7-4668-BE54-9A1E7A4F7556}") = "BlazorMasterDetails.Server", "BlazorMasterDetails\Server\BlazorMasterDetails.Server.csproj", "{A2BC054C-A41C-4E3D-8D98-E18E6014ACE4}"
EndProject
Project("{9A19103F-16F7-4668-BE54-9A1E7A4F7556}") = "BlazorMasterDetails.Client", "BlazorMasterDetails\Client\BlazorMasterDetails.Client.csproj", "{BD0A22C4-0C54-435B-9058-65058E0E4ACE}"
EndProject
Project("{9A19103F-16F7-4668-BE54-9A1E7A4F7556}") = "BlazorMasterDetails.Shared", "BlazorMasterDetails\Shared\BlazorMasterDetails.Shared.csproj", "{135C17FB-A27C-4376-A049-10FCA3FB5DC0}"
EndProject
Global
	GlobalSection(SolutionConfigurationPlatforms) = preSolution
		Debug|Any CPU = Debug|Any CPU
		Release|Any CPU = Release|Any CPU
	EndGlobalSection
	GlobalSection(ProjectConfigurationPlatforms) = postSolution
		{A2BC054C-A41C-4E3D-8D98-E18E6014ACE4}.Debug|Any CPU.ActiveCfg = Debug|Any CPU
		{A2BC054C-A41C-4E3D-8D98-E18E6014ACE4}.Debug|Any CPU.Build.0 = Debug|Any CPU
		{A2BC054C-A41C-4E3D-8D98-E18E6014ACE4}.Release|Any CPU.ActiveCfg = Release|Any CPU
		{A2BC054C-A41C-4E3D-8D98-E18E6014ACE4}.Release|Any CPU.Build.0 = Release|Any CPU
		{BD0A22C4-0C54-435B-9058-65058E0E4ACE}.Debug|Any CPU.ActiveCfg = Debug|Any CPU
		{BD0A22C4-0C54-435B-9058-65058E0E4ACE}.Debug|Any CPU.Build.0 = Debug|Any CPU
		{BD0A22C4-0C54-435B-9058-65058E0E4ACE}.Release|Any CPU.ActiveCfg = Release|Any CPU
		{BD0A22C4-0C54-435B-9058-65058E0E4ACE}.Release|Any CPU.Build.0 = Release|Any CPU
		{135C17FB-A27C-4376-A049-10FCA3FB5DC0}.Debug|Any CPU.ActiveCfg = Debug|Any CPU
		{135C17FB-A27C-4376-A049-10FCA3FB5DC0}.Debug|Any CPU.Build.0 = Debug|Any CPU
		{135C17FB-A27C-4376-A049-10FCA3FB5DC0}.Release|Any CPU.ActiveCfg = Release|Any CPU
		{135C17FB-A27C-4376-A049-10FCA3FB5DC0}.Release|Any CPU.Build.0 = Release|Any CPU
	EndGlobalSection
	GlobalSection(SolutionProperties) = preSolution
		HideSolutionNode = FALSE
	EndGlobalSection
	GlobalSection(ExtensibilityGlobals) = postSolution
		SolutionGuid = {C0AF5DBE-64E1-4DC9-BD99-E57E2453516A}
	EndGlobalSection
EndGlobal
